
Microsoft Visual Studio Solution File, Format Version 12.00
# Visual Studio Version 17
VisualStudioVersion = 17.3.32901.215
MinimumVisualStudioVersion = 10.0.40219.1
Project("{FAE04EC0-301F-11D3-BF4B-00C04F79EFBC}") = "WebApplication", "WebApplication.csproj", "{DAC90D00-F3E0-4BB9-AF1A-B8F1570C7824}"
EndProject
Project("{FAE04EC0-301F-11D3-BF4B-00C04F79EFBC}") = "Server", "..\Server\Server.csproj", "{D37E5250-E952-4634-907B-B031BE5CC56E}"
EndProject
Global
	GlobalSection(SolutionConfigurationPlatforms) = preSolution
		Debug|Any CPU = Debug|Any CPU
		Release|Any CPU = Release|Any CPU
	EndGlobalSection
	GlobalSection(ProjectConfigurationPlatforms) = postSolution
		{DAC90D00-F3E0-4BB9-AF1A-B8F1570C7824}.Debug|Any CPU.ActiveCfg = Debug|Any CPU
		{DAC90D00-F3E0-4BB9-AF1A-B8F1570C7824}.Debug|Any CPU.Build.0 = Debug|Any CPU
		{DAC90D00-F3E0-4BB9-AF1A-B8F1570C7824}.Release|Any CPU.ActiveCfg = Release|Any CPU
		{DAC90D00-F3E0-4BB9-AF1A-B8F1570C7824}.Release|Any CPU.Build.0 = Release|Any CPU
		{D37E5250-E952-4634-907B-B031BE5CC56E}.Debug|Any CPU.ActiveCfg = Debug|Any CPU
		{D37E5250-E952-4634-907B-B031BE5CC56E}.Debug|Any CPU.Build.0 = Debug|Any CPU
		{D37E5250-E952-4634-907B-B031BE5CC56E}.Release|Any CPU.ActiveCfg = Release|Any CPU
		{D37E5250-E952-4634-907B-B031BE5CC56E}.Release|Any CPU.Build.0 = Release|Any CPU
	EndGlobalSection
	GlobalSection(SolutionProperties) = preSolution
		HideSolutionNode = FALSE
	EndGlobalSection
	GlobalSection(ExtensibilityGlobals) = postSolution
		SolutionGuid = {BE6AF2F5-A90E-450B-94F0-C638EB5940A2}
	EndGlobalSection
EndGlobal
